
Microsoft Visual Studio Solution File, Format Version 12.00
# Visual Studio 15
VisualStudioVersion = 15.0.27130.2024
MinimumVisualStudioVersion = 10.0.40219.1
Project("{FAE04EC0-301F-11D3-BF4B-00C04F79EFBC}") = "FirstMVVMCopy", "FirstMVVM\FirstMVVMCopy.csproj", "{80563140-5AB4-494C-9288-7DCEA05DABB0}"
EndProject
Global
	GlobalSection(SolutionConfigurationPlatforms) = preSolution
		Debug|Any CPU = Debug|Any CPU
		Release|Any CPU = Release|Any CPU
	EndGlobalSection
	GlobalSection(ProjectConfigurationPlatforms) = postSolution
		{80563140-5AB4-494C-9288-7DCEA05DABB0}.Debug|Any CPU.ActiveCfg = Debug|Any CPU
		{80563140-5AB4-494C-9288-7DCEA05DABB0}.Debug|Any CPU.Build.0 = Debug|Any CPU
		{80563140-5AB4-494C-9288-7DCEA05DABB0}.Release|Any CPU.ActiveCfg = Release|Any CPU
		{80563140-5AB4-494C-9288-7DCEA05DABB0}.Release|Any CPU.Build.0 = Release|Any CPU
	EndGlobalSection
	GlobalSection(SolutionProperties) = preSolution
		HideSolutionNode = FALSE
	EndGlobalSection
	GlobalSection(ExtensibilityGlobals) = postSolution
		SolutionGuid = {51D0D76F-A3F6-4953-9724-782651BEA341}
	EndGlobalSection
EndGlobal
